<?xml version="1.0" encoding="utf-8"?>
<Project ToolsVersion="4.0" xmlns="http://schemas.microsoft.com/developer/msbuild/2003">
  <ItemGroup>
    <Filter Include="Source Files">
      <UniqueIdentifier>{4FC737F1-C7A5-4376-A066-2A32D752A2FF}</UniqueIdentifier>
      <Extensions>cpp;c;cc;cxx;c++;def;odl;idl;hpj;bat;asm;asmx</Extensions>
    </Filter>
    <Filter Include="Header Files">
      <UniqueIdentifier>{93995380-89BD-4b04-88EB-625FBE52EBFB}</UniqueIdentifier>
      <Extensions>h;hh;hpp;hxx;h++;hm;inl;inc;ipp;xsd</Extensions>
    </Filter>
    <Filter Include="Resource Files">
      <UniqueIdentifier>{67DA6AB6-F800-4c08-8B7A-83BB121AAD01}</UniqueIdentifier>
      <Extensions>rc;ico;cur;bmp;dlg;rc2;rct;bin;rgs;gif;jpg;jpeg;jpe;resx;tiff;tif;png;wav;mfcribbon-ms</Extensions>
    </Filter>
  </ItemGroup>
  <ItemGroup>
    <ClCompile Include="Mang 1 chieu động trong c++.cpp">
      <Filter>Source Files</Filter>
    </ClCompile>
    <ClCompile Include="SieuMangDong.cpp">
      <Filter>Source Files</Filter>
    </ClCompile>
    <ClCompile Include="TronMang.cpp">
      <Filter>Source Files</Filter>
    </ClCompile>
    <ClCompile Include="LamMENU.cpp">
      <Filter>Source Files</Filter>
    </ClCompile>
    <ClCompile Include="Mang2chieu.cpp">
      <Filter>Source Files</Filter>
    </ClCompile>
    <ClCompile Include="FullChuoiKiTu.c">
      <Filter>Source Files</Filter>
    </ClCompile>
    <ClCompile Include="ChuoiKiTu.c">
      <Filter>Source Files</Filter>
    </ClCompile>
    <ClCompile Include="BaiTapChuoi.c">
      <Filter>Source Files</Filter>
    </ClCompile>
    <ClCompile Include="ChuoiC++.cpp">
      <Filter>Source Files</Filter>
    </ClCompile>
    <ClCompile Include="CacHamChuoiTrongC++.cpp">
      <Filter>Source Files</Filter>
    </ClCompile>
    <ClCompile Include="KiThuatChiaTachFile.cpp">
      <Filter>Source Files</Filter>
    </ClCompile>
    <ClCompile Include="TEST.cpp">
      <Filter>Source Files</Filter>
    </ClCompile>
    <ClCompile Include="ThuVienCuaToi.cpp">
      <Filter>Resource Files</Filter>
    </ClCompile>
    <ClCompile Include="FULLStruct.cpp">
      <Filter>Source Files</Filter>
    </ClCompile>
    <ClCompile Include="Struct.cpp">
      <Filter>Source Files</Filter>
    </ClCompile>
    <ClCompile Include="Bai11.cpp">
      <Filter>Source Files</Filter>
    </ClCompile>
    <ClCompile Include="Mảng 1 chiều động trong C.cpp">
      <Filter>Source Files</Filter>
    </ClCompile>
    <ClCompile Include="StructToaDoTamGiac.cpp">
      <Filter>Source Files</Filter>
    </ClCompile>
    <ClCompile Include="BaitapStruct.cpp">
      <Filter>Source Files</Filter>
    </ClCompile>
    <ClCompile Include="Mang1chieu.cpp">
      <Filter>Source Files</Filter>
    </ClCompile>
    <ClCompile Include="StructMang1ChieuSinhVien.cpp">
      <Filter>Source Files</Filter>
    </ClCompile>
    <ClCompile Include="Nghịch.cpp">
      <Filter>Source Files</Filter>
    </ClCompile>
    <ClCompile Include="Bai1.cpp">
      <Filter>Source Files</Filter>
    </ClCompile>
    <ClCompile Include="BAITAP.cpp">
      <Filter>Source Files</Filter>
    </ClCompile>
    <ClCompile Include="ThongTinSinhVien.cpp">
      <Filter>Resource Files</Filter>
    </ClCompile>
    <ClCompile Include="DanhSachSinhVien.cpp">
      <Filter>Resource Files</Filter>
    </ClCompile>
    <ClCompile Include="NapChongToanTu.cpp">
      <Filter>Source Files</Filter>
    </ClCompile>
    <ClCompile Include="MangDongStruct.cpp">
      <Filter>Source Files</Filter>
    </ClCompile>
    <ClCompile Include="FullMangDongStruct.cpp">
      <Filter>Source Files</Filter>
    </ClCompile>
    <ClCompile Include="HamDoHoa.cpp">
      <Filter>Source Files</Filter>
    </ClCompile>
    <ClCompile Include="LamDE.cpp">
      <Filter>Source Files</Filter>
    </ClCompile>
    <ClCompile Include="DoanhNghiep.cpp">
      <Filter>Source Files</Filter>
    </ClCompile>
    <ClCompile Include="Cau3 Struct .cpp">
      <Filter>Source Files</Filter>
    </ClCompile>
    <ClCompile Include="StructQuanLySinhVien.cpp">
      <Filter>Source Files</Filter>
    </ClCompile>
    <ClCompile Include="Bài tập chuỗi các câu chẵn.cpp">
      <Filter>Source Files</Filter>
    </ClCompile>
    <ClCompile Include="Câu 5 Struct Phân số.cpp">
      <Filter>Source Files</Filter>
    </ClCompile>
    <ClCompile Include="Câu 2 Struct.cpp">
      <Filter>Source Files</Filter>
    </ClCompile>
    <ClCompile Include="Câu 2 phần 2 Structcpp.cpp">
      <Filter>Source Files</Filter>
    </ClCompile>
    <ClCompile Include="sdsd.cpp">
      <Filter>Source Files</Filter>
    </ClCompile>
    <ClCompile Include="1000 BT.cpp">
      <Filter>Source Files</Filter>
    </ClCompile>
    <ClCompile Include="LamViecVoiFile.cpp">
      <Filter>Source Files</Filter>
    </ClCompile>
    <ClCompile Include="MangTrongFile.cpp">
      <Filter>Source Files</Filter>
    </ClCompile>
    <ClCompile Include="ConTrỏChỉVị.cpp">
      <Filter>Source Files</Filter>
    </ClCompile>
    <ClCompile Include="BaitapFille.cpp">
      <Filter>Source Files</Filter>
    </ClCompile>
    <ClCompile Include="File Struct sinh vien.cpp">
      <Filter>Source Files</Filter>
    </ClCompile>
    <ClCompile Include="StructSinhVien.cpp">
      <Filter>Source Files</Filter>
    </ClCompile>
    <ClCompile Include="StructQuyenSach.cpp">
      <Filter>Source Files</Filter>
    </ClCompile>
    <ClCompile Include="StructNhanVien.cpp">
      <Filter>Source Files</Filter>
    </ClCompile>
    <ClCompile Include="FullMang1Chieu.cpp">
      <Filter>Source Files</Filter>
    </ClCompile>
    <ClCompile Include="FullMang2Chieu.cpp">
      <Filter>Source Files</Filter>
    </ClCompile>
    <ClCompile Include="Source.cpp">
      <Filter>Source Files</Filter>
    </ClCompile>
    <ClCompile Include="HocCBai1.cpp">
      <Filter>Source Files</Filter>
    </ClCompile>
    <ClCompile Include="Lambaitest.cpp">
      <Filter>Source Files</Filter>
    </ClCompile>
  </ItemGroup>
  <ItemGroup>
    <ClInclude Include="ThuVienCuaToi.h">
      <Filter>Header Files</Filter>
    </ClInclude>
    <ClInclude Include="ThongTinSinhVien.h">
      <Filter>Header Files</Filter>
    </ClInclude>
    <ClInclude Include="DanhSachSinhVien.h">
      <Filter>Header Files</Filter>
    </ClInclude>
    <ClInclude Include="DoHoa.h">
      <Filter>Header Files</Filter>
    </ClInclude>
  </ItemGroup>
</Project>